// !$*UTF8*$!
{
	archiveVersion = 1;
	classes = {
	};
	objectVersion = 77;
	objects = {

/* Begin PBXBuildFile section */
		0F665CF52E0A836700711708 /* Coordinator.swift in Sources */ = {isa = PBXBuildFile; fileRef = 0F665CED2E0A836700711708 /* Coordinator.swift */; };
		0F665CFE2E0A83A600711708 /* AppCoordinator.swift in Sources */ = {isa = PBXBuildFile; fileRef = 0F665CFD2E0A83A500711708 /* AppCoordinator.swift */; };
		0F665D002E0A83C500711708 /* AuthCoordinator.swift in Sources */ = {isa = PBXBuildFile; fileRef = 0F665CFF2E0A83BB00711708 /* AuthCoordinator.swift */; };
		0F665D022E0A83D800711708 /* MainTabBarCoordinator.swift in Sources */ = {isa = PBXBuildFile; fileRef = 0F665D012E0A83D700711708 /* MainTabBarCoordinator.swift */; };
		0F665D0C2E0A83FB00711708 /* AppDelegate.swift in Sources */ = {isa = PBXBuildFile; fileRef = 0F665D042E0A83FB00711708 /* AppDelegate.swift */; };
		0F665D0D2E0A83FB00711708 /* SceneDelegate.swift in Sources */ = {isa = PBXBuildFile; fileRef = 0F665D052E0A83FB00711708 /* SceneDelegate.swift */; };
		0F665D0E2E0A83FB00711708 /* LaunchScreen.storyboard in Resources */ = {isa = PBXBuildFile; fileRef = 0F665D0A2E0A83FB00711708 /* LaunchScreen.storyboard */; };
		0F665D0F2E0A83FB00711708 /* Assets.xcassets in Resources */ = {isa = PBXBuildFile; fileRef = 0F665D072E0A83FB00711708 /* Assets.xcassets */; };
		0F665D142E0A846400711708 /* LoginViewController.swift in Sources */ = {isa = PBXBuildFile; fileRef = 0F665D132E0A846300711708 /* LoginViewController.swift */; };
		0F665D162E0A847C00711708 /* HomeViewController.swift in Sources */ = {isa = PBXBuildFile; fileRef = 0F665D152E0A847B00711708 /* HomeViewController.swift */; };
		0F665D182E0A849100711708 /* SettingsViewController.swift in Sources */ = {isa = PBXBuildFile; fileRef = 0F665D172E0A848B00711708 /* SettingsViewController.swift */; };
		0F665D1A2E0A8A0B00711708 /* RegistrationViewController.swift in Sources */ = {isa = PBXBuildFile; fileRef = 0F665D192E0A8A0600711708 /* RegistrationViewController.swift */; };
/* End PBXBuildFile section */

/* Begin PBXFileReference section */
		0F665CBF2E0A82E300711708 /* TestCoordinator.app */ = {isa = PBXFileReference; explicitFileType = wrapper.application; includeInIndex = 0; path = TestCoordinator.app; sourceTree = BUILT_PRODUCTS_DIR; };
		0F665CED2E0A836700711708 /* Coordinator.swift */ = {isa = PBXFileReference; lastKnownFileType = sourcecode.swift; path = Coordinator.swift; sourceTree = "<group>"; };
		0F665CFD2E0A83A500711708 /* AppCoordinator.swift */ = {isa = PBXFileReference; lastKnownFileType = sourcecode.swift; path = AppCoordinator.swift; sourceTree = "<group>"; };
		0F665CFF2E0A83BB00711708 /* AuthCoordinator.swift */ = {isa = PBXFileReference; lastKnownFileType = sourcecode.swift; path = AuthCoordinator.swift; sourceTree = "<group>"; };
		0F665D012E0A83D700711708 /* MainTabBarCoordinator.swift */ = {isa = PBXFileReference; lastKnownFileType = sourcecode.swift; path = MainTabBarCoordinator.swift; sourceTree = "<group>"; };
		0F665D042E0A83FB00711708 /* AppDelegate.swift */ = {isa = PBXFileReference; lastKnownFileType = sourcecode.swift; path = AppDelegate.swift; sourceTree = "<group>"; };
		0F665D052E0A83FB00711708 /* SceneDelegate.swift */ = {isa = PBXFileReference; lastKnownFileType = sourcecode.swift; path = SceneDelegate.swift; sourceTree = "<group>"; };
		0F665D072E0A83FB00711708 /* Assets.xcassets */ = {isa = PBXFileReference; lastKnownFileType = folder.assetcatalog; path = Assets.xcassets; sourceTree = "<group>"; };
		0F665D082E0A83FB00711708 /* Info.plist */ = {isa = PBXFileReference; lastKnownFileType = text.plist.xml; path = Info.plist; sourceTree = "<group>"; };
		0F665D092E0A83FB00711708 /* LaunchScreen.storyboard */ = {isa = PBXFileReference; lastKnownFileType = file.storyboard; name = LaunchScreen.storyboard; path = Base.lproj/LaunchScreen.storyboard; sourceTree = "<group>"; };
		0F665D132E0A846300711708 /* LoginViewController.swift */ = {isa = PBXFileReference; lastKnownFileType = sourcecode.swift; path = LoginViewController.swift; sourceTree = "<group>"; };
		0F665D152E0A847B00711708 /* HomeViewController.swift */ = {isa = PBXFileReference; lastKnownFileType = sourcecode.swift; path = HomeViewController.swift; sourceTree = "<group>"; };
		0F665D172E0A848B00711708 /* SettingsViewController.swift */ = {isa = PBXFileReference; lastKnownFileType = sourcecode.swift; path = SettingsViewController.swift; sourceTree = "<group>"; };
		0F665D192E0A8A0600711708 /* RegistrationViewController.swift */ = {isa = PBXFileReference; lastKnownFileType = sourcecode.swift; path = RegistrationViewController.swift; sourceTree = "<group>"; };
/* End PBXFileReference section */

/* Begin PBXFrameworksBuildPhase section */
		0F665CBC2E0A82E300711708 /* Frameworks */ = {
			isa = PBXFrameworksBuildPhase;
			buildActionMask = 2147483647;
			files = (
			);
			runOnlyForDeploymentPostprocessing = 0;
		};
/* End PBXFrameworksBuildPhase section */

/* Begin PBXGroup section */
		0F665CB62E0A82E300711708 = {
			isa = PBXGroup;
			children = (
				0F665D032E0A83EB00711708 /* TestCoordinator */,
				0F665CC02E0A82E300711708 /* Products */,
			);
			sourceTree = "<group>";
		};
		0F665CC02E0A82E300711708 /* Products */ = {
			isa = PBXGroup;
			children = (
				0F665CBF2E0A82E300711708 /* TestCoordinator.app */,
			);
			name = Products;
			sourceTree = "<group>";
		};
		0F665D032E0A83EB00711708 /* TestCoordinator */ = {
			isa = PBXGroup;
			children = (
				0F665D082E0A83FB00711708 /* Info.plist */,
				0F665D112E0A840300711708 /* App */,
				0F665D122E0A841600711708 /* Resourse */,
				0F665CED2E0A836700711708 /* Coordinator.swift */,
				0F665CFD2E0A83A500711708 /* AppCoordinator.swift */,
				0F665CFF2E0A83BB00711708 /* AuthCoordinator.swift */,
				0F665D132E0A846300711708 /* LoginViewController.swift */,
				0F665D192E0A8A0600711708 /* RegistrationViewController.swift */,
				0F665D012E0A83D700711708 /* MainTabBarCoordinator.swift */,
				0F665D152E0A847B00711708 /* HomeViewController.swift */,
				0F665D172E0A848B00711708 /* SettingsViewController.swift */,
			);
			path = TestCoordinator;
			sourceTree = "<group>";
		};
		0F665D112E0A840300711708 /* App */ = {
			isa = PBXGroup;
			children = (
				0F665D042E0A83FB00711708 /* AppDelegate.swift */,
				0F665D052E0A83FB00711708 /* SceneDelegate.swift */,
			);
			path = App;
			sourceTree = "<group>";
		};
		0F665D122E0A841600711708 /* Resourse */ = {
			isa = PBXGroup;
			children = (
				0F665D072E0A83FB00711708 /* Assets.xcassets */,
				0F665D0A2E0A83FB00711708 /* LaunchScreen.storyboard */,
			);
			path = Resourse;
			sourceTree = "<group>";
		};
/* End PBXGroup section */

/* Begin PBXNativeTarget section */
		0F665CBE2E0A82E300711708 /* TestCoordinator */ = {
			isa = PBXNativeTarget;
			buildConfigurationList = 0F665CD22E0A82E400711708 /* Build configuration list for PBXNativeTarget "TestCoordinator" */;
			buildPhases = (
				0F665CBB2E0A82E300711708 /* Sources */,
				0F665CBC2E0A82E300711708 /* Frameworks */,
				0F665CBD2E0A82E300711708 /* Resources */,
			);
			buildRules = (
			);
			dependencies = (
			);
			name = TestCoordinator;
			packageProductDependencies = (
			);
			productName = TestCoordinator;
			productReference = 0F665CBF2E0A82E300711708 /* TestCoordinator.app */;
			productType = "com.apple.product-type.application";
		};
/* End PBXNativeTarget section */

/* Begin PBXProject section */
		0F665CB72E0A82E300711708 /* Project object */ = {
			isa = PBXProject;
			attributes = {
				BuildIndependentTargetsInParallel = 1;
				LastSwiftUpdateCheck = 1640;
				LastUpgradeCheck = 1640;
				TargetAttributes = {
					0F665CBE2E0A82E300711708 = {
						CreatedOnToolsVersion = 16.4;
					};
				};
			};
			buildConfigurationList = 0F665CBA2E0A82E300711708 /* Build configuration list for PBXProject "TestCoordinator" */;
			developmentRegion = en;
			hasScannedForEncodings = 0;
			knownRegions = (
				en,
				Base,
			);
			mainGroup = 0F665CB62E0A82E300711708;
			minimizedProjectReferenceProxies = 1;
			preferredProjectObjectVersion = 77;
			productRefGroup = 0F665CC02E0A82E300711708 /* Products */;
			projectDirPath = "";
			projectRoot = "";
			targets = (
				0F665CBE2E0A82E300711708 /* TestCoordinator */,
			);
		};
/* End PBXProject section */

/* Begin PBXResourcesBuildPhase section */
		0F665CBD2E0A82E300711708 /* Resources */ = {
			isa = PBXResourcesBuildPhase;
			buildActionMask = 2147483647;
			files = (
				0F665D0E2E0A83FB00711708 /* LaunchScreen.storyboard in Resources */,
				0F665D0F2E0A83FB00711708 /* Assets.xcassets in Resources */,
			);
			runOnlyForDeploymentPostprocessing = 0;
		};
/* End PBXResourcesBuildPhase section */

/* Begin PBXSourcesBuildPhase section */
		0F665CBB2E0A82E300711708 /* Sources */ = {
			isa = PBXSourcesBuildPhase;
			buildActionMask = 2147483647;
			files = (
				0F665D0C2E0A83FB00711708 /* AppDelegate.swift in Sources */,
				0F665D0D2E0A83FB00711708 /* SceneDelegate.swift in Sources */,
				0F665D182E0A849100711708 /* SettingsViewController.swift in Sources */,
				0F665CF52E0A836700711708 /* Coordinator.swift in Sources */,
				0F665D142E0A846400711708 /* LoginViewController.swift in Sources */,
				0F665D162E0A847C00711708 /* HomeViewController.swift in Sources */,
				0F665D022E0A83D800711708 /* MainTabBarCoordinator.swift in Sources */,
				0F665D1A2E0A8A0B00711708 /* RegistrationViewController.swift in Sources */,
				0F665CFE2E0A83A600711708 /* AppCoordinator.swift in Sources */,
				0F665D002E0A83C500711708 /* AuthCoordinator.swift in Sources */,
			);
			runOnlyForDeploymentPostprocessing = 0;
		};
/* End PBXSourcesBuildPhase section */

/* Begin PBXVariantGroup section */
		0F665D0A2E0A83FB00711708 /* LaunchScreen.storyboard */ = {
			isa = PBXVariantGroup;
			children = (
				0F665D092E0A83FB00711708 /* LaunchScreen.storyboard */,
			);
			name = LaunchScreen.storyboard;
			sourceTree = "<group>";
		};
/* End PBXVariantGroup section */

/* Begin XCBuildConfiguration section */
		0F665CD32E0A82E400711708 /* Debug */ = {
			isa = XCBuildConfiguration;
			buildSettings = {
				ASSETCATALOG_COMPILER_APPICON_NAME = AppIcon;
				ASSETCATALOG_COMPILER_GLOBAL_ACCENT_COLOR_NAME = AccentColor;
				CODE_SIGN_STYLE = Automatic;
				CURRENT_PROJECT_VERSION = 1;
				DEVELOPMENT_TEAM = P2LBNZ3DVN;
				GENERATE_INFOPLIST_FILE = YES;
				INFOPLIST_FILE = TestCoordinator/Info.plist;
				INFOPLIST_KEY_UIApplicationSupportsIndirectInputEvents = YES;
				INFOPLIST_KEY_UILaunchStoryboardName = LaunchScreen;
				INFOPLIST_KEY_UISupportedInterfaceOrientations_iPad = "UIInterfaceOrientationPortrait UIInterfaceOrientationPortraitUpsideDown UIInterfaceOrientationLandscapeLeft UIInterfaceOrientationLandscapeRight";
				INFOPLIST_KEY_UISupportedInterfaceOrientations_iPhone = "UIInterfaceOrientationPortrait UIInterfaceOrientationLandscapeLeft UIInterfaceOrientationLandscapeRight";
				LD_RUNPATH_SEARCH_PATHS = (
					"$(inherited)",
					"@executable_path/Frameworks",
				);
				MARKETING_VERSION = 1.0;
				PRODUCT_BUNDLE_IDENTIFIER = testCoord.TestCoordinator;
				PRODUCT_NAME = "$(TARGET_NAME)";
				SWIFT_EMIT_LOC_STRINGS = YES;
				SWIFT_VERSION = 5.0;
				TARGETED_DEVICE_FAMILY = "1,2";
			};
			name = Debug;
		};
		0F665CD42E0A82E400711708 /* Release */ = {
			isa = XCBuildConfiguration;
			buildSettings = {
				ASSETCATALOG_COMPILER_APPICON_NAME = AppIcon;
				ASSETCATALOG_COMPILER_GLOBAL_ACCENT_COLOR_NAME = AccentColor;
				CODE_SIGN_STYLE = Automatic;
				CURRENT_PROJECT_VERSION = 1;
				DEVELOPMENT_TEAM = P2LBNZ3DVN;
				GENERATE_INFOPLIST_FILE = YES;
				INFOPLIST_FILE = TestCoordinator/Info.plist;
				INFOPLIST_KEY_UIApplicationSupportsIndirectInputEvents = YES;
				INFOPLIST_KEY_UILaunchStoryboardName = LaunchScreen;
				INFOPLIST_KEY_UISupportedInterfaceOrientations_iPad = "UIInterfaceOrientationPortrait UIInterfaceOrientationPortraitUpsideDown UIInterfaceOrientationLandscapeLeft UIInterfaceOrientationLandscapeRight";
				INFOPLIST_KEY_UISupportedInterfaceOrientations_iPhone = "UIInterfaceOrientationPortrait UIInterfaceOrientationLandscapeLeft UIInterfaceOrientationLandscapeRight";
				LD_RUNPATH_SEARCH_PATHS = (
					"$(inherited)",
					"@executable_path/Frameworks",
				);
				MARKETING_VERSION = 1.0;
				PRODUCT_BUNDLE_IDENTIFIER = testCoord.TestCoordinator;
				PRODUCT_NAME = "$(TARGET_NAME)";
				SWIFT_EMIT_LOC_STRINGS = YES;
				SWIFT_VERSION = 5.0;
				TARGETED_DEVICE_FAMILY = "1,2";
			};
			name = Release;
		};
		0F665CD52E0A82E400711708 /* Debug */ = {
			isa = XCBuildConfiguration;
			buildSettings = {
				ALWAYS_SEARCH_USER_PATHS = NO;
				ASSETCATALOG_COMPILER_GENERATE_SWIFT_ASSET_SYMBOL_EXTENSIONS = YES;
				CLANG_ANALYZER_NONNULL = YES;
				CLANG_ANALYZER_NUMBER_OBJECT_CONVERSION = YES_AGGRESSIVE;
				CLANG_CXX_LANGUAGE_STANDARD = "gnu++20";
				CLANG_ENABLE_MODULES = YES;
				CLANG_ENABLE_OBJC_ARC = YES;
				CLANG_ENABLE_OBJC_WEAK = YES;
				CLANG_WARN_BLOCK_CAPTURE_AUTORELEASING = YES;
				CLANG_WARN_BOOL_CONVERSION = YES;
				CLANG_WARN_COMMA = YES;
				CLANG_WARN_CONSTANT_CONVERSION = YES;
				CLANG_WARN_DEPRECATED_OBJC_IMPLEMENTATIONS = YES;
				CLANG_WARN_DIRECT_OBJC_ISA_USAGE = YES_ERROR;
				CLANG_WARN_DOCUMENTATION_COMMENTS = YES;
				CLANG_WARN_EMPTY_BODY = YES;
				CLANG_WARN_ENUM_CONVERSION = YES;
				CLANG_WARN_INFINITE_RECURSION = YES;
				CLANG_WARN_INT_CONVERSION = YES;
				CLANG_WARN_NON_LITERAL_NULL_CONVERSION = YES;
				CLANG_WARN_OBJC_IMPLICIT_RETAIN_SELF = YES;
				CLANG_WARN_OBJC_LITERAL_CONVERSION = YES;
				CLANG_WARN_OBJC_ROOT_CLASS = YES_ERROR;
				CLANG_WARN_QUOTED_INCLUDE_IN_FRAMEWORK_HEADER = YES;
				CLANG_WARN_RANGE_LOOP_ANALYSIS = YES;
				CLANG_WARN_STRICT_PROTOTYPES = YES;
				CLANG_WARN_SUSPICIOUS_MOVE = YES;
				CLANG_WARN_UNGUARDED_AVAILABILITY = YES_AGGRESSIVE;
				CLANG_WARN_UNREACHABLE_CODE = YES;
				CLANG_WARN__DUPLICATE_METHOD_MATCH = YES;
				COPY_PHASE_STRIP = NO;
				DEBUG_INFORMATION_FORMAT = dwarf;
				DEVELOPMENT_TEAM = P2LBNZ3DVN;
				ENABLE_STRICT_OBJC_MSGSEND = YES;
				ENABLE_TESTABILITY = YES;
				ENABLE_USER_SCRIPT_SANDBOXING = YES;
				GCC_C_LANGUAGE_STANDARD = gnu17;
				GCC_DYNAMIC_NO_PIC = NO;
				GCC_NO_COMMON_BLOCKS = YES;
				GCC_OPTIMIZATION_LEVEL = 0;
				GCC_PREPROCESSOR_DEFINITIONS = (
					"DEBUG=1",
					"$(inherited)",
				);
				GCC_WARN_64_TO_32_BIT_CONVERSION = YES;
				GCC_WARN_ABOUT_RETURN_TYPE = YES_ERROR;
				GCC_WARN_UNDECLARED_SELECTOR = YES;
				GCC_WARN_UNINITIALIZED_AUTOS = YES_AGGRESSIVE;
				GCC_WARN_UNUSED_FUNCTION = YES;
				GCC_WARN_UNUSED_VARIABLE = YES;
				IPHONEOS_DEPLOYMENT_TARGET = 18.5;
				LOCALIZATION_PREFERS_STRING_CATALOGS = YES;
				MTL_ENABLE_DEBUG_INFO = INCLUDE_SOURCE;
				MTL_FAST_MATH = YES;
				ONLY_ACTIVE_ARCH = YES;
				SDKROOT = iphoneos;
				SWIFT_ACTIVE_COMPILATION_CONDITIONS = "DEBUG $(inherited)";
				SWIFT_OPTIMIZATION_LEVEL = "-Onone";
			};
			name = Debug;
		};
		0F665CD62E0A82E400711708 /* Release */ = {
			isa = XCBuildConfiguration;
			buildSettings = {
				ALWAYS_SEARCH_USER_PATHS = NO;
				ASSETCATALOG_COMPILER_GENERATE_SWIFT_ASSET_SYMBOL_EXTENSIONS = YES;
				CLANG_ANALYZER_NONNULL = YES;
				CLANG_ANALYZER_NUMBER_OBJECT_CONVERSION = YES_AGGRESSIVE;
				CLANG_CXX_LANGUAGE_STANDARD = "gnu++20";
				CLANG_ENABLE_MODULES = YES;
				CLANG_ENABLE_OBJC_ARC = YES;
				CLANG_ENABLE_OBJC_WEAK = YES;
				CLANG_WARN_BLOCK_CAPTURE_AUTORELEASING = YES;
				CLANG_WARN_BOOL_CONVERSION = YES;
				CLANG_WARN_COMMA = YES;
				CLANG_WARN_CONSTANT_CONVERSION = YES;
				CLANG_WARN_DEPRECATED_OBJC_IMPLEMENTATIONS = YES;
				CLANG_WARN_DIRECT_OBJC_ISA_USAGE = YES_ERROR;
				CLANG_WARN_DOCUMENTATION_COMMENTS = YES;
				CLANG_WARN_EMPTY_BODY = YES;
				CLANG_WARN_ENUM_CONVERSION = YES;
				CLANG_WARN_INFINITE_RECURSION = YES;
				CLANG_WARN_INT_CONVERSION = YES;
				CLANG_WARN_NON_LITERAL_NULL_CONVERSION = YES;
				CLANG_WARN_OBJC_IMPLICIT_RETAIN_SELF = YES;
				CLANG_WARN_OBJC_LITERAL_CONVERSION = YES;
				CLANG_WARN_OBJC_ROOT_CLASS = YES_ERROR;
				CLANG_WARN_QUOTED_INCLUDE_IN_FRAMEWORK_HEADER = YES;
				CLANG_WARN_RANGE_LOOP_ANALYSIS = YES;
				CLANG_WARN_STRICT_PROTOTYPES = YES;
				CLANG_WARN_SUSPICIOUS_MOVE = YES;
				CLANG_WARN_UNGUARDED_AVAILABILITY = YES_AGGRESSIVE;
				CLANG_WARN_UNREACHABLE_CODE = YES;
				CLANG_WARN__DUPLICATE_METHOD_MATCH = YES;
				COPY_PHASE_STRIP = NO;
				DEBUG_INFORMATION_FORMAT = "dwarf-with-dsym";
				DEVELOPMENT_TEAM = P2LBNZ3DVN;
				ENABLE_NS_ASSERTIONS = NO;
				ENABLE_STRICT_OBJC_MSGSEND = YES;
				ENABLE_USER_SCRIPT_SANDBOXING = YES;
				GCC_C_LANGUAGE_STANDARD = gnu17;
				GCC_NO_COMMON_BLOCKS = YES;
				GCC_WARN_64_TO_32_BIT_CONVERSION = YES;
				GCC_WARN_ABOUT_RETURN_TYPE = YES_ERROR;
				GCC_WARN_UNDECLARED_SELECTOR = YES;
				GCC_WARN_UNINITIALIZED_AUTOS = YES_AGGRESSIVE;
				GCC_WARN_UNUSED_FUNCTION = YES;
				GCC_WARN_UNUSED_VARIABLE = YES;
				IPHONEOS_DEPLOYMENT_TARGET = 18.5;
				LOCALIZATION_PREFERS_STRING_CATALOGS = YES;
				MTL_ENABLE_DEBUG_INFO = NO;
				MTL_FAST_MATH = YES;
				SDKROOT = iphoneos;
				SWIFT_COMPILATION_MODE = wholemodule;
				VALIDATE_PRODUCT = YES;
			};
			name = Release;
		};
/* End XCBuildConfiguration section */

/* Begin XCConfigurationList section */
		0F665CBA2E0A82E300711708 /* Build configuration list for PBXProject "TestCoordinator" */ = {
			isa = XCConfigurationList;
			buildConfigurations = (
				0F665CD52E0A82E400711708 /* Debug */,
				0F665CD62E0A82E400711708 /* Release */,
			);
			defaultConfigurationIsVisible = 0;
			defaultConfigurationName = Release;
		};
		0F665CD22E0A82E400711708 /* Build configuration list for PBXNativeTarget "TestCoordinator" */ = {
			isa = XCConfigurationList;
			buildConfigurations = (
				0F665CD32E0A82E400711708 /* Debug */,
				0F665CD42E0A82E400711708 /* Release */,
			);
			defaultConfigurationIsVisible = 0;
			defaultConfigurationName = Release;
		};
/* End XCConfigurationList section */
	};
	rootObject = 0F665CB72E0A82E300711708 /* Project object */;
}
